
Microsoft Visual Studio Solution File, Format Version 12.00
# Visual Studio Version 16
VisualStudioVersion = 16.0.30320.27
MinimumVisualStudioVersion = 10.0.40219.1
Project("{FAE04EC0-301F-11D3-BF4B-00C04F79EFBC}") = "SnakeGame", "SnakeGame\SnakeGame.csproj", "{EC562D53-F1BA-4EC9-A901-C1B0D14CEB58}"
EndProject
Global
	GlobalSection(SolutionConfigurationPlatforms) = preSolution
		Debug|Any CPU = Debug|Any CPU
		Release|Any CPU = Release|Any CPU
	EndGlobalSection
	GlobalSection(ProjectConfigurationPlatforms) = postSolution
		{EC562D53-F1BA-4EC9-A901-C1B0D14CEB58}.Debug|Any CPU.ActiveCfg = Debug|Any CPU
		{EC562D53-F1BA-4EC9-A901-C1B0D14CEB58}.Debug|Any CPU.Build.0 = Debug|Any CPU
		{EC562D53-F1BA-4EC9-A901-C1B0D14CEB58}.Release|Any CPU.ActiveCfg = Release|Any CPU
		{EC562D53-F1BA-4EC9-A901-C1B0D14CEB58}.Release|Any CPU.Build.0 = Release|Any CPU
	EndGlobalSection
	GlobalSection(SolutionProperties) = preSolution
		HideSolutionNode = FALSE
	EndGlobalSection
	GlobalSection(ExtensibilityGlobals) = postSolution
		SolutionGuid = {3962E368-1440-4214-9F7E-3D59A2DF9E3C}
	EndGlobalSection
EndGlobal
